
Microsoft Visual Studio Solution File, Format Version 12.00
# Visual Studio Version 17
VisualStudioVersion = 17.2.32616.157
MinimumVisualStudioVersion = 10.0.40219.1
Project("{FAE04EC0-301F-11D3-BF4B-00C04F79EFBC}") = "BlazorApp7", "BlazorApp7\BlazorApp7.csproj", "{5A2ED13D-20C3-4B58-9215-1BA14465137A}"
EndProject
Global
	GlobalSection(SolutionConfigurationPlatforms) = preSolution
		Debug|Any CPU = Debug|Any CPU
		Release|Any CPU = Release|Any CPU
	EndGlobalSection
	GlobalSection(ProjectConfigurationPlatforms) = postSolution
		{5A2ED13D-20C3-4B58-9215-1BA14465137A}.Debug|Any CPU.ActiveCfg = Debug|Any CPU
		{5A2ED13D-20C3-4B58-9215-1BA14465137A}.Debug|Any CPU.Build.0 = Debug|Any CPU
		{5A2ED13D-20C3-4B58-9215-1BA14465137A}.Release|Any CPU.ActiveCfg = Release|Any CPU
		{5A2ED13D-20C3-4B58-9215-1BA14465137A}.Release|Any CPU.Build.0 = Release|Any CPU
	EndGlobalSection
	GlobalSection(SolutionProperties) = preSolution
		HideSolutionNode = FALSE
	EndGlobalSection
	GlobalSection(ExtensibilityGlobals) = postSolution
		SolutionGuid = {A990A271-AF77-41B0-847C-41DB131A00C5}
	EndGlobalSection
EndGlobal
